// !$*UTF8*$!
{
	archiveVersion = 1;
	classes = {
	};
	objectVersion = 46;
	objects = {

/* Begin PBXBuildFile section */
		044A76D41DACD68B000733D1 /* main.m in Sources */ = {isa = PBXBuildFile; fileRef = 044A76D31DACD68B000733D1 /* main.m */; };
		044A76D71DACD68B000733D1 /* AppDelegate.m in Sources */ = {isa = PBXBuildFile; fileRef = 044A76D61DACD68B000733D1 /* AppDelegate.m */; };
		044A76DD1DACD68B000733D1 /* Main.storyboard in Resources */ = {isa = PBXBuildFile; fileRef = 044A76DB1DACD68B000733D1 /* Main.storyboard */; };
		044A76DF1DACD68B000733D1 /* Assets.xcassets in Resources */ = {isa = PBXBuildFile; fileRef = 044A76DE1DACD68B000733D1 /* Assets.xcassets */; };
		044A76E21DACD68B000733D1 /* LaunchScreen.storyboard in Resources */ = {isa = PBXBuildFile; fileRef = 044A76E01DACD68B000733D1 /* LaunchScreen.storyboard */; };
		044A76F61DACDFA0000733D1 /* image.jpeg in Resources */ = {isa = PBXBuildFile; fileRef = 044A76F51DACDFA0000733D1 /* image.jpeg */; };
		044A771C1DAF2255000733D1 /* ViewController.m in Sources */ = {isa = PBXBuildFile; fileRef = 044A77071DAF2255000733D1 /* ViewController.m */; };
		044A771D1DAF2255000733D1 /* Model.m in Sources */ = {isa = PBXBuildFile; fileRef = 044A770A1DAF2255000733D1 /* Model.m */; };
		044A771E1DAF2255000733D1 /* View.m in Sources */ = {isa = PBXBuildFile; fileRef = 044A770D1DAF2255000733D1 /* View.m */; };
		044A771F1DAF2255000733D1 /* ViewModel.m in Sources */ = {isa = PBXBuildFile; fileRef = 044A77101DAF2255000733D1 /* ViewModel.m */; };
		044A77201DAF2255000733D1 /* JsonSerializableObject.m in Sources */ = {isa = PBXBuildFile; fileRef = 044A77161DAF2255000733D1 /* JsonSerializableObject.m */; };
		044A77211DAF2255000733D1 /* PropertyDescriptor.m in Sources */ = {isa = PBXBuildFile; fileRef = 044A77191DAF2255000733D1 /* PropertyDescriptor.m */; };
		044A77221DAF2255000733D1 /* SerializationHelper.m in Sources */ = {isa = PBXBuildFile; fileRef = 044A771B1DAF2255000733D1 /* SerializationHelper.m */; };
/* End PBXBuildFile section */

/* Begin PBXFileReference section */
		044A76CF1DACD68B000733D1 /* mvvmTest.app */ = {isa = PBXFileReference; explicitFileType = wrapper.application; includeInIndex = 0; path = mvvmTest.app; sourceTree = BUILT_PRODUCTS_DIR; };
		044A76D31DACD68B000733D1 /* main.m */ = {isa = PBXFileReference; lastKnownFileType = sourcecode.c.objc; path = main.m; sourceTree = "<group>"; };
		044A76D51DACD68B000733D1 /* AppDelegate.h */ = {isa = PBXFileReference; lastKnownFileType = sourcecode.c.h; path = AppDelegate.h; sourceTree = "<group>"; };
		044A76D61DACD68B000733D1 /* AppDelegate.m */ = {isa = PBXFileReference; lastKnownFileType = sourcecode.c.objc; path = AppDelegate.m; sourceTree = "<group>"; };
		044A76DC1DACD68B000733D1 /* Base */ = {isa = PBXFileReference; lastKnownFileType = file.storyboard; name = Base; path = Base.lproj/Main.storyboard; sourceTree = "<group>"; };
		044A76DE1DACD68B000733D1 /* Assets.xcassets */ = {isa = PBXFileReference; lastKnownFileType = folder.assetcatalog; path = Assets.xcassets; sourceTree = "<group>"; };
		044A76E11DACD68B000733D1 /* Base */ = {isa = PBXFileReference; lastKnownFileType = file.storyboard; name = Base; path = Base.lproj/LaunchScreen.storyboard; sourceTree = "<group>"; };
		044A76E31DACD68B000733D1 /* Info.plist */ = {isa = PBXFileReference; lastKnownFileType = text.plist.xml; path = Info.plist; sourceTree = "<group>"; };
		044A76F51DACDFA0000733D1 /* image.jpeg */ = {isa = PBXFileReference; lastKnownFileType = image.jpeg; path = image.jpeg; sourceTree = "<group>"; };
		044A77061DAF2255000733D1 /* ViewController.h */ = {isa = PBXFileReference; fileEncoding = 4; lastKnownFileType = sourcecode.c.h; path = ViewController.h; sourceTree = "<group>"; };
		044A77071DAF2255000733D1 /* ViewController.m */ = {isa = PBXFileReference; fileEncoding = 4; lastKnownFileType = sourcecode.c.objc; path = ViewController.m; sourceTree = "<group>"; };
		044A77091DAF2255000733D1 /* Model.h */ = {isa = PBXFileReference; fileEncoding = 4; lastKnownFileType = sourcecode.c.h; path = Model.h; sourceTree = "<group>"; };
		044A770A1DAF2255000733D1 /* Model.m */ = {isa = PBXFileReference; fileEncoding = 4; lastKnownFileType = sourcecode.c.objc; path = Model.m; sourceTree = "<group>"; };
		044A770C1DAF2255000733D1 /* View.h */ = {isa = PBXFileReference; fileEncoding = 4; lastKnownFileType = sourcecode.c.h; path = View.h; sourceTree = "<group>"; };
		044A770D1DAF2255000733D1 /* View.m */ = {isa = PBXFileReference; fileEncoding = 4; lastKnownFileType = sourcecode.c.objc; path = View.m; sourceTree = "<group>"; };
		044A770F1DAF2255000733D1 /* ViewModel.h */ = {isa = PBXFileReference; fileEncoding = 4; lastKnownFileType = sourcecode.c.h; path = ViewModel.h; sourceTree = "<group>"; };
		044A77101DAF2255000733D1 /* ViewModel.m */ = {isa = PBXFileReference; fileEncoding = 4; lastKnownFileType = sourcecode.c.objc; path = ViewModel.m; sourceTree = "<group>"; };
		044A77151DAF2255000733D1 /* JsonSerializableObject.h */ = {isa = PBXFileReference; fileEncoding = 4; lastKnownFileType = sourcecode.c.h; path = JsonSerializableObject.h; sourceTree = "<group>"; };
		044A77161DAF2255000733D1 /* JsonSerializableObject.m */ = {isa = PBXFileReference; fileEncoding = 4; lastKnownFileType = sourcecode.c.objc; path = JsonSerializableObject.m; sourceTree = "<group>"; };
		044A77171DAF2255000733D1 /* JsonSerializationKit.h */ = {isa = PBXFileReference; fileEncoding = 4; lastKnownFileType = sourcecode.c.h; path = JsonSerializationKit.h; sourceTree = "<group>"; };
		044A77181DAF2255000733D1 /* PropertyDescriptor.h */ = {isa = PBXFileReference; fileEncoding = 4; lastKnownFileType = sourcecode.c.h; path = PropertyDescriptor.h; sourceTree = "<group>"; };
		044A77191DAF2255000733D1 /* PropertyDescriptor.m */ = {isa = PBXFileReference; fileEncoding = 4; lastKnownFileType = sourcecode.c.objc; path = PropertyDescriptor.m; sourceTree = "<group>"; };
		044A771A1DAF2255000733D1 /* SerializationHelper.h */ = {isa = PBXFileReference; fileEncoding = 4; lastKnownFileType = sourcecode.c.h; path = SerializationHelper.h; sourceTree = "<group>"; };
		044A771B1DAF2255000733D1 /* SerializationHelper.m */ = {isa = PBXFileReference; fileEncoding = 4; lastKnownFileType = sourcecode.c.objc; path = SerializationHelper.m; sourceTree = "<group>"; };
/* End PBXFileReference section */

/* Begin PBXFrameworksBuildPhase section */
		044A76CC1DACD68B000733D1 /* Frameworks */ = {
			isa = PBXFrameworksBuildPhase;
			buildActionMask = 2147483647;
			files = (
			);
			runOnlyForDeploymentPostprocessing = 0;
		};
/* End PBXFrameworksBuildPhase section */

/* Begin PBXGroup section */
		044A76C61DACD68B000733D1 = {
			isa = PBXGroup;
			children = (
				044A76D11DACD68B000733D1 /* mvvmTest */,
				044A76D01DACD68B000733D1 /* Products */,
			);
			sourceTree = "<group>";
		};
		044A76D01DACD68B000733D1 /* Products */ = {
			isa = PBXGroup;
			children = (
				044A76CF1DACD68B000733D1 /* mvvmTest.app */,
			);
			name = Products;
			sourceTree = "<group>";
		};
		044A76D11DACD68B000733D1 /* mvvmTest */ = {
			isa = PBXGroup;
			children = (
				044A77031DAF2255000733D1 /* Classes */,
				044A77111DAF2255000733D1 /* Framwork */,
				044A77121DAF2255000733D1 /* Third */,
				044A77131DAF2255000733D1 /* Ulit */,
				044A76D51DACD68B000733D1 /* AppDelegate.h */,
				044A76D61DACD68B000733D1 /* AppDelegate.m */,
				044A76DB1DACD68B000733D1 /* Main.storyboard */,
				044A76DE1DACD68B000733D1 /* Assets.xcassets */,
				044A76E01DACD68B000733D1 /* LaunchScreen.storyboard */,
				044A76E31DACD68B000733D1 /* Info.plist */,
				044A76D21DACD68B000733D1 /* Supporting Files */,
			);
			path = mvvmTest;
			sourceTree = "<group>";
		};
		044A76D21DACD68B000733D1 /* Supporting Files */ = {
			isa = PBXGroup;
			children = (
				044A76F51DACDFA0000733D1 /* image.jpeg */,
				044A76D31DACD68B000733D1 /* main.m */,
			);
			name = "Supporting Files";
			sourceTree = "<group>";
		};
		044A77031DAF2255000733D1 /* Classes */ = {
			isa = PBXGroup;
			children = (
				044A77041DAF2255000733D1 /* Test */,
			);
			path = Classes;
			sourceTree = "<group>";
		};
		044A77041DAF2255000733D1 /* Test */ = {
			isa = PBXGroup;
			children = (
				044A77051DAF2255000733D1 /* Controller */,
				044A77081DAF2255000733D1 /* Model */,
				044A770B1DAF2255000733D1 /* VIew */,
				044A770E1DAF2255000733D1 /* ViewModel */,
			);
			path = Test;
			sourceTree = "<group>";
		};
		044A77051DAF2255000733D1 /* Controller */ = {
			isa = PBXGroup;
			children = (
				044A77061DAF2255000733D1 /* ViewController.h */,
				044A77071DAF2255000733D1 /* ViewController.m */,
			);
			path = Controller;
			sourceTree = "<group>";
		};
		044A77081DAF2255000733D1 /* Model */ = {
			isa = PBXGroup;
			children = (
				044A77091DAF2255000733D1 /* Model.h */,
				044A770A1DAF2255000733D1 /* Model.m */,
			);
			path = Model;
			sourceTree = "<group>";
		};
		044A770B1DAF2255000733D1 /* VIew */ = {
			isa = PBXGroup;
			children = (
				044A770C1DAF2255000733D1 /* View.h */,
				044A770D1DAF2255000733D1 /* View.m */,
			);
			path = VIew;
			sourceTree = "<group>";
		};
		044A770E1DAF2255000733D1 /* ViewModel */ = {
			isa = PBXGroup;
			children = (
				044A770F1DAF2255000733D1 /* ViewModel.h */,
				044A77101DAF2255000733D1 /* ViewModel.m */,
			);
			path = ViewModel;
			sourceTree = "<group>";
		};
		044A77111DAF2255000733D1 /* Framwork */ = {
			isa = PBXGroup;
			children = (
			);
			path = Framwork;
			sourceTree = "<group>";
		};
		044A77121DAF2255000733D1 /* Third */ = {
			isa = PBXGroup;
			children = (
			);
			path = Third;
			sourceTree = "<group>";
		};
		044A77131DAF2255000733D1 /* Ulit */ = {
			isa = PBXGroup;
			children = (
				044A77141DAF2255000733D1 /* JsonSerialization */,
			);
			path = Ulit;
			sourceTree = "<group>";
		};
		044A77141DAF2255000733D1 /* JsonSerialization */ = {
			isa = PBXGroup;
			children = (
				044A77151DAF2255000733D1 /* JsonSerializableObject.h */,
				044A77161DAF2255000733D1 /* JsonSerializableObject.m */,
				044A77171DAF2255000733D1 /* JsonSerializationKit.h */,
				044A77181DAF2255000733D1 /* PropertyDescriptor.h */,
				044A77191DAF2255000733D1 /* PropertyDescriptor.m */,
				044A771A1DAF2255000733D1 /* SerializationHelper.h */,
				044A771B1DAF2255000733D1 /* SerializationHelper.m */,
			);
			path = JsonSerialization;
			sourceTree = "<group>";
		};
/* End PBXGroup section */

/* Begin PBXNativeTarget section */
		044A76CE1DACD68B000733D1 /* mvvmTest */ = {
			isa = PBXNativeTarget;
			buildConfigurationList = 044A76E61DACD68B000733D1 /* Build configuration list for PBXNativeTarget "mvvmTest" */;
			buildPhases = (
				044A76CB1DACD68B000733D1 /* Sources */,
				044A76CC1DACD68B000733D1 /* Frameworks */,
				044A76CD1DACD68B000733D1 /* Resources */,
			);
			buildRules = (
			);
			dependencies = (
			);
			name = mvvmTest;
			productName = mvvmTest;
			productReference = 044A76CF1DACD68B000733D1 /* mvvmTest.app */;
			productType = "com.apple.product-type.application";
		};
/* End PBXNativeTarget section */

/* Begin PBXProject section */
		044A76C71DACD68B000733D1 /* Project object */ = {
			isa = PBXProject;
			attributes = {
				LastUpgradeCheck = 0800;
				ORGANIZATIONNAME = sheng;
				TargetAttributes = {
					044A76CE1DACD68B000733D1 = {
						CreatedOnToolsVersion = 8.0;
						ProvisioningStyle = Automatic;
					};
				};
			};
			buildConfigurationList = 044A76CA1DACD68B000733D1 /* Build configuration list for PBXProject "mvvmTest" */;
			compatibilityVersion = "Xcode 3.2";
			developmentRegion = English;
			hasScannedForEncodings = 0;
			knownRegions = (
				en,
				Base,
			);
			mainGroup = 044A76C61DACD68B000733D1;
			productRefGroup = 044A76D01DACD68B000733D1 /* Products */;
			projectDirPath = "";
			projectRoot = "";
			targets = (
				044A76CE1DACD68B000733D1 /* mvvmTest */,
			);
		};
/* End PBXProject section */

/* Begin PBXResourcesBuildPhase section */
		044A76CD1DACD68B000733D1 /* Resources */ = {
			isa = PBXResourcesBuildPhase;
			buildActionMask = 2147483647;
			files = (
				044A76E21DACD68B000733D1 /* LaunchScreen.storyboard in Resources */,
				044A76F61DACDFA0000733D1 /* image.jpeg in Resources */,
				044A76DF1DACD68B000733D1 /* Assets.xcassets in Resources */,
				044A76DD1DACD68B000733D1 /* Main.storyboard in Resources */,
			);
			runOnlyForDeploymentPostprocessing = 0;
		};
/* End PBXResourcesBuildPhase section */

/* Begin PBXSourcesBuildPhase section */
		044A76CB1DACD68B000733D1 /* Sources */ = {
			isa = PBXSourcesBuildPhase;
			buildActionMask = 2147483647;
			files = (
				044A771F1DAF2255000733D1 /* ViewModel.m in Sources */,
				044A77201DAF2255000733D1 /* JsonSerializableObject.m in Sources */,
				044A771E1DAF2255000733D1 /* View.m in Sources */,
				044A77211DAF2255000733D1 /* PropertyDescriptor.m in Sources */,
				044A77221DAF2255000733D1 /* SerializationHelper.m in Sources */,
				044A771C1DAF2255000733D1 /* ViewController.m in Sources */,
				044A76D71DACD68B000733D1 /* AppDelegate.m in Sources */,
				044A76D41DACD68B000733D1 /* main.m in Sources */,
				044A771D1DAF2255000733D1 /* Model.m in Sources */,
			);
			runOnlyForDeploymentPostprocessing = 0;
		};
/* End PBXSourcesBuildPhase section */

/* Begin PBXVariantGroup section */
		044A76DB1DACD68B000733D1 /* Main.storyboard */ = {
			isa = PBXVariantGroup;
			children = (
				044A76DC1DACD68B000733D1 /* Base */,
			);
			name = Main.storyboard;
			sourceTree = "<group>";
		};
		044A76E01DACD68B000733D1 /* LaunchScreen.storyboard */ = {
			isa = PBXVariantGroup;
			children = (
				044A76E11DACD68B000733D1 /* Base */,
			);
			name = LaunchScreen.storyboard;
			sourceTree = "<group>";
		};
/* End PBXVariantGroup section */

/* Begin XCBuildConfiguration section */
		044A76E41DACD68B000733D1 /* Debug */ = {
			isa = XCBuildConfiguration;
			buildSettings = {
				ALWAYS_SEARCH_USER_PATHS = NO;
				CLANG_ANALYZER_NONNULL = YES;
				CLANG_CXX_LANGUAGE_STANDARD = "gnu++0x";
				CLANG_CXX_LIBRARY = "libc++";
				CLANG_ENABLE_MODULES = YES;
				CLANG_ENABLE_OBJC_ARC = YES;
				CLANG_WARN_BOOL_CONVERSION = YES;
				CLANG_WARN_CONSTANT_CONVERSION = YES;
				CLANG_WARN_DIRECT_OBJC_ISA_USAGE = YES_ERROR;
				CLANG_WARN_DOCUMENTATION_COMMENTS = YES;
				CLANG_WARN_EMPTY_BODY = YES;
				CLANG_WARN_ENUM_CONVERSION = YES;
				CLANG_WARN_INFINITE_RECURSION = YES;
				CLANG_WARN_INT_CONVERSION = YES;
				CLANG_WARN_OBJC_ROOT_CLASS = YES_ERROR;
				CLANG_WARN_SUSPICIOUS_MOVES = YES;
				CLANG_WARN_UNREACHABLE_CODE = YES;
				CLANG_WARN__DUPLICATE_METHOD_MATCH = YES;
				"CODE_SIGN_IDENTITY[sdk=iphoneos*]" = "iPhone Developer";
				COPY_PHASE_STRIP = NO;
				DEBUG_INFORMATION_FORMAT = dwarf;
				ENABLE_STRICT_OBJC_MSGSEND = YES;
				ENABLE_TESTABILITY = YES;
				GCC_C_LANGUAGE_STANDARD = gnu99;
				GCC_DYNAMIC_NO_PIC = NO;
				GCC_NO_COMMON_BLOCKS = YES;
				GCC_OPTIMIZATION_LEVEL = 0;
				GCC_PREPROCESSOR_DEFINITIONS = (
					"DEBUG=1",
					"$(inherited)",
				);
				GCC_WARN_64_TO_32_BIT_CONVERSION = YES;
				GCC_WARN_ABOUT_RETURN_TYPE = YES_ERROR;
				GCC_WARN_UNDECLARED_SELECTOR = YES;
				GCC_WARN_UNINITIALIZED_AUTOS = YES_AGGRESSIVE;
				GCC_WARN_UNUSED_FUNCTION = YES;
				GCC_WARN_UNUSED_VARIABLE = YES;
				IPHONEOS_DEPLOYMENT_TARGET = 10.0;
				MTL_ENABLE_DEBUG_INFO = YES;
				ONLY_ACTIVE_ARCH = YES;
				SDKROOT = iphoneos;
				TARGETED_DEVICE_FAMILY = "1,2";
			};
			name = Debug;
		};
		044A76E51DACD68B000733D1 /* Release */ = {
			isa = XCBuildConfiguration;
			buildSettings = {
				ALWAYS_SEARCH_USER_PATHS = NO;
				CLANG_ANALYZER_NONNULL = YES;
				CLANG_CXX_LANGUAGE_STANDARD = "gnu++0x";
				CLANG_CXX_LIBRARY = "libc++";
				CLANG_ENABLE_MODULES = YES;
				CLANG_ENABLE_OBJC_ARC = YES;
				CLANG_WARN_BOOL_CONVERSION = YES;
				CLANG_WARN_CONSTANT_CONVERSION = YES;
				CLANG_WARN_DIRECT_OBJC_ISA_USAGE = YES_ERROR;
				CLANG_WARN_DOCUMENTATION_COMMENTS = YES;
				CLANG_WARN_EMPTY_BODY = YES;
				CLANG_WARN_ENUM_CONVERSION = YES;
				CLANG_WARN_INFINITE_RECURSION = YES;
				CLANG_WARN_INT_CONVERSION = YES;
				CLANG_WARN_OBJC_ROOT_CLASS = YES_ERROR;
				CLANG_WARN_SUSPICIOUS_MOVES = YES;
				CLANG_WARN_UNREACHABLE_CODE = YES;
				CLANG_WARN__DUPLICATE_METHOD_MATCH = YES;
				"CODE_SIGN_IDENTITY[sdk=iphoneos*]" = "iPhone Developer";
				COPY_PHASE_STRIP = NO;
				DEBUG_INFORMATION_FORMAT = "dwarf-with-dsym";
				ENABLE_NS_ASSERTIONS = NO;
				ENABLE_STRICT_OBJC_MSGSEND = YES;
				GCC_C_LANGUAGE_STANDARD = gnu99;
				GCC_NO_COMMON_BLOCKS = YES;
				GCC_WARN_64_TO_32_BIT_CONVERSION = YES;
				GCC_WARN_ABOUT_RETURN_TYPE = YES_ERROR;
				GCC_WARN_UNDECLARED_SELECTOR = YES;
				GCC_WARN_UNINITIALIZED_AUTOS = YES_AGGRESSIVE;
				GCC_WARN_UNUSED_FUNCTION = YES;
				GCC_WARN_UNUSED_VARIABLE = YES;
				IPHONEOS_DEPLOYMENT_TARGET = 10.0;
				MTL_ENABLE_DEBUG_INFO = NO;
				SDKROOT = iphoneos;
				TARGETED_DEVICE_FAMILY = "1,2";
				VALIDATE_PRODUCT = YES;
			};
			name = Release;
		};
		044A76E71DACD68B000733D1 /* Debug */ = {
			isa = XCBuildConfiguration;
			buildSettings = {
				ASSETCATALOG_COMPILER_APPICON_NAME = AppIcon;
				INFOPLIST_FILE = mvvmTest/Info.plist;
				LD_RUNPATH_SEARCH_PATHS = "$(inherited) @executable_path/Frameworks";
				PRODUCT_BUNDLE_IDENTIFIER = com.sheng.mvvmTest;
				PRODUCT_NAME = "$(TARGET_NAME)";
			};
			name = Debug;
		};
		044A76E81DACD68B000733D1 /* Release */ = {
			isa = XCBuildConfiguration;
			buildSettings = {
				ASSETCATALOG_COMPILER_APPICON_NAME = AppIcon;
				INFOPLIST_FILE = mvvmTest/Info.plist;
				LD_RUNPATH_SEARCH_PATHS = "$(inherited) @executable_path/Frameworks";
				PRODUCT_BUNDLE_IDENTIFIER = com.sheng.mvvmTest;
				PRODUCT_NAME = "$(TARGET_NAME)";
			};
			name = Release;
		};
/* End XCBuildConfiguration section */

/* Begin XCConfigurationList section */
		044A76CA1DACD68B000733D1 /* Build configuration list for PBXProject "mvvmTest" */ = {
			isa = XCConfigurationList;
			buildConfigurations = (
				044A76E41DACD68B000733D1 /* Debug */,
				044A76E51DACD68B000733D1 /* Release */,
			);
			defaultConfigurationIsVisible = 0;
			defaultConfigurationName = Release;
		};
		044A76E61DACD68B000733D1 /* Build configuration list for PBXNativeTarget "mvvmTest" */ = {
			isa = XCConfigurationList;
			buildConfigurations = (
				044A76E71DACD68B000733D1 /* Debug */,
				044A76E81DACD68B000733D1 /* Release */,
			);
			defaultConfigurationIsVisible = 0;
			defaultConfigurationName = Release;
		};
/* End XCConfigurationList section */
	};
	rootObject = 044A76C71DACD68B000733D1 /* Project object */;
}
